// !$*UTF8*$!
{
	archiveVersion = 1;
	classes = {
	};
	objectVersion = 56;
	objects = {

/* Begin PBXBuildFile section */
		CF47B9B02A874C0900D3075F /* MemberListView.swift in Sources */ = {isa = PBXBuildFile; fileRef = CF47B9AF2A874C0900D3075F /* MemberListView.swift */; };
		CF47B9B42A8756FE00D3075F /* CreateView.swift in Sources */ = {isa = PBXBuildFile; fileRef = CF47B9B32A8756FE00D3075F /* CreateView.swift */; };
		CF47B9B62A875ECE00D3075F /* .gitignore in Resources */ = {isa = PBXBuildFile; fileRef = CF47B9B52A875ECE00D3075F /* .gitignore */; };
		CF484D472A8BF4D4005CFB9C /* Member.swift in Sources */ = {isa = PBXBuildFile; fileRef = CF484D462A8BF4D4005CFB9C /* Member.swift */; };
		CF484D4A2A8C1506005CFB9C /* MembersProvider.swift in Sources */ = {isa = PBXBuildFile; fileRef = CF484D492A8C1506005CFB9C /* MembersProvider.swift */; };
		CF484D4C2A8C39A7005CFB9C /* MemberRowView.swift in Sources */ = {isa = PBXBuildFile; fileRef = CF484D4B2A8C39A7005CFB9C /* MemberRowView.swift */; };
		CF484D4E2A8C3EE1005CFB9C /* MemberDetailView.swift in Sources */ = {isa = PBXBuildFile; fileRef = CF484D4D2A8C3EE1005CFB9C /* MemberDetailView.swift */; };
		CF484D502A8E9DC5005CFB9C /* EditMemberViewModel.swift in Sources */ = {isa = PBXBuildFile; fileRef = CF484D4F2A8E9DC5005CFB9C /* EditMemberViewModel.swift */; };
		CFD12A6F2A7C413700275B43 /* ChurchManagementApp.swift in Sources */ = {isa = PBXBuildFile; fileRef = CFD12A6E2A7C413700275B43 /* ChurchManagementApp.swift */; };
		CFD12A712A7C413700275B43 /* HomeView.swift in Sources */ = {isa = PBXBuildFile; fileRef = CFD12A702A7C413700275B43 /* HomeView.swift */; };
		CFD12A732A7C413700275B43 /* Assets.xcassets in Resources */ = {isa = PBXBuildFile; fileRef = CFD12A722A7C413700275B43 /* Assets.xcassets */; };
		CFD12A762A7C413700275B43 /* Preview Assets.xcassets in Resources */ = {isa = PBXBuildFile; fileRef = CFD12A752A7C413700275B43 /* Preview Assets.xcassets */; };
		CFD12A7B2A7C413700275B43 /* ChurchManagement.xcdatamodeld in Sources */ = {isa = PBXBuildFile; fileRef = CFD12A792A7C413700275B43 /* ChurchManagement.xcdatamodeld */; };
		CFFB43442A7D932F005958A7 /* BorderedViewModifier.swift in Sources */ = {isa = PBXBuildFile; fileRef = CFFB43432A7D932F005958A7 /* BorderedViewModifier.swift */; };
/* End PBXBuildFile section */

/* Begin PBXFileReference section */
		CF47B9AF2A874C0900D3075F /* MemberListView.swift */ = {isa = PBXFileReference; lastKnownFileType = sourcecode.swift; path = MemberListView.swift; sourceTree = "<group>"; };
		CF47B9B32A8756FE00D3075F /* CreateView.swift */ = {isa = PBXFileReference; lastKnownFileType = sourcecode.swift; path = CreateView.swift; sourceTree = "<group>"; };
		CF47B9B52A875ECE00D3075F /* .gitignore */ = {isa = PBXFileReference; lastKnownFileType = text; path = .gitignore; sourceTree = "<group>"; };
		CF484D462A8BF4D4005CFB9C /* Member.swift */ = {isa = PBXFileReference; lastKnownFileType = sourcecode.swift; path = Member.swift; sourceTree = "<group>"; };
		CF484D492A8C1506005CFB9C /* MembersProvider.swift */ = {isa = PBXFileReference; lastKnownFileType = sourcecode.swift; path = MembersProvider.swift; sourceTree = "<group>"; };
		CF484D4B2A8C39A7005CFB9C /* MemberRowView.swift */ = {isa = PBXFileReference; lastKnownFileType = sourcecode.swift; path = MemberRowView.swift; sourceTree = "<group>"; };
		CF484D4D2A8C3EE1005CFB9C /* MemberDetailView.swift */ = {isa = PBXFileReference; lastKnownFileType = sourcecode.swift; path = MemberDetailView.swift; sourceTree = "<group>"; };
		CF484D4F2A8E9DC5005CFB9C /* EditMemberViewModel.swift */ = {isa = PBXFileReference; lastKnownFileType = sourcecode.swift; path = EditMemberViewModel.swift; sourceTree = "<group>"; };
		CFD12A6B2A7C413700275B43 /* ChurchManagement.app */ = {isa = PBXFileReference; explicitFileType = wrapper.application; includeInIndex = 0; path = ChurchManagement.app; sourceTree = BUILT_PRODUCTS_DIR; };
		CFD12A6E2A7C413700275B43 /* ChurchManagementApp.swift */ = {isa = PBXFileReference; lastKnownFileType = sourcecode.swift; path = ChurchManagementApp.swift; sourceTree = "<group>"; };
		CFD12A702A7C413700275B43 /* HomeView.swift */ = {isa = PBXFileReference; lastKnownFileType = sourcecode.swift; path = HomeView.swift; sourceTree = "<group>"; };
		CFD12A722A7C413700275B43 /* Assets.xcassets */ = {isa = PBXFileReference; lastKnownFileType = folder.assetcatalog; path = Assets.xcassets; sourceTree = "<group>"; };
		CFD12A752A7C413700275B43 /* Preview Assets.xcassets */ = {isa = PBXFileReference; lastKnownFileType = folder.assetcatalog; path = "Preview Assets.xcassets"; sourceTree = "<group>"; };
		CFD12A7A2A7C413700275B43 /* ChurchManagement.xcdatamodel */ = {isa = PBXFileReference; lastKnownFileType = wrapper.xcdatamodel; path = ChurchManagement.xcdatamodel; sourceTree = "<group>"; };
		CFFB43432A7D932F005958A7 /* BorderedViewModifier.swift */ = {isa = PBXFileReference; lastKnownFileType = sourcecode.swift; path = BorderedViewModifier.swift; sourceTree = "<group>"; };
/* End PBXFileReference section */

/* Begin PBXFrameworksBuildPhase section */
		CFD12A682A7C413700275B43 /* Frameworks */ = {
			isa = PBXFrameworksBuildPhase;
			buildActionMask = 2147483647;
			files = (
			);
			runOnlyForDeploymentPostprocessing = 0;
		};
/* End PBXFrameworksBuildPhase section */

/* Begin PBXGroup section */
		CF47B9B12A8756CE00D3075F /* Create */ = {
			isa = PBXGroup;
			children = (
				CF484D452A8BF4B7005CFB9C /* Model */,
				CF47B9B22A8756E000D3075F /* View */,
				CF484D4F2A8E9DC5005CFB9C /* EditMemberViewModel.swift */,
			);
			path = Create;
			sourceTree = "<group>";
		};
		CF47B9B22A8756E000D3075F /* View */ = {
			isa = PBXGroup;
			children = (
				CF47B9B32A8756FE00D3075F /* CreateView.swift */,
			);
			path = View;
			sourceTree = "<group>";
		};
		CF484D452A8BF4B7005CFB9C /* Model */ = {
			isa = PBXGroup;
			children = (
				CF484D462A8BF4D4005CFB9C /* Member.swift */,
			);
			path = Model;
			sourceTree = "<group>";
		};
		CF484D482A8C14E9005CFB9C /* Provider */ = {
			isa = PBXGroup;
			children = (
				CF484D492A8C1506005CFB9C /* MembersProvider.swift */,
			);
			path = Provider;
			sourceTree = "<group>";
		};
		CF4ED9302A81A9D000E679BE /* Views */ = {
			isa = PBXGroup;
			children = (
				CFFB43422A7D9317005958A7 /* Components */,
				CFD12A702A7C413700275B43 /* HomeView.swift */,
				CF47B9AF2A874C0900D3075F /* MemberListView.swift */,
				CF484D4D2A8C3EE1005CFB9C /* MemberDetailView.swift */,
			);
			path = Views;
			sourceTree = "<group>";
		};
		CFD12A622A7C413700275B43 = {
			isa = PBXGroup;
			children = (
				CF47B9B52A875ECE00D3075F /* .gitignore */,
				CFD12A6D2A7C413700275B43 /* ChurchManagement */,
				CFD12A6C2A7C413700275B43 /* Products */,
			);
			sourceTree = "<group>";
		};
		CFD12A6C2A7C413700275B43 /* Products */ = {
			isa = PBXGroup;
			children = (
				CFD12A6B2A7C413700275B43 /* ChurchManagement.app */,
			);
			name = Products;
			sourceTree = "<group>";
		};
		CFD12A6D2A7C413700275B43 /* ChurchManagement */ = {
			isa = PBXGroup;
			children = (
				CF484D482A8C14E9005CFB9C /* Provider */,
				CF47B9B12A8756CE00D3075F /* Create */,
				CF4ED9302A81A9D000E679BE /* Views */,
				CFFB43472A7ED137005958A7 /* App */,
				CFD12A722A7C413700275B43 /* Assets.xcassets */,
				CFD12A792A7C413700275B43 /* ChurchManagement.xcdatamodeld */,
				CFD12A742A7C413700275B43 /* Preview Content */,
			);
			path = ChurchManagement;
			sourceTree = "<group>";
		};
		CFD12A742A7C413700275B43 /* Preview Content */ = {
			isa = PBXGroup;
			children = (
				CFD12A752A7C413700275B43 /* Preview Assets.xcassets */,
			);
			path = "Preview Content";
			sourceTree = "<group>";
		};
		CFFB43422A7D9317005958A7 /* Components */ = {
			isa = PBXGroup;
			children = (
				CFFB43432A7D932F005958A7 /* BorderedViewModifier.swift */,
				CF484D4B2A8C39A7005CFB9C /* MemberRowView.swift */,
			);
			path = Components;
			sourceTree = "<group>";
		};
		CFFB43472A7ED137005958A7 /* App */ = {
			isa = PBXGroup;
			children = (
				CFD12A6E2A7C413700275B43 /* ChurchManagementApp.swift */,
			);
			path = App;
			sourceTree = "<group>";
		};
/* End PBXGroup section */

/* Begin PBXNativeTarget section */
		CFD12A6A2A7C413700275B43 /* ChurchManagement */ = {
			isa = PBXNativeTarget;
			buildConfigurationList = CFD12A7E2A7C413700275B43 /* Build configuration list for PBXNativeTarget "ChurchManagement" */;
			buildPhases = (
				CFD12A672A7C413700275B43 /* Sources */,
				CFD12A682A7C413700275B43 /* Frameworks */,
				CFD12A692A7C413700275B43 /* Resources */,
			);
			buildRules = (
			);
			dependencies = (
			);
			name = ChurchManagement;
			productName = ChurchManagement;
			productReference = CFD12A6B2A7C413700275B43 /* ChurchManagement.app */;
			productType = "com.apple.product-type.application";
		};
/* End PBXNativeTarget section */

/* Begin PBXProject section */
		CFD12A632A7C413700275B43 /* Project object */ = {
			isa = PBXProject;
			attributes = {
				BuildIndependentTargetsInParallel = 1;
				LastSwiftUpdateCheck = 1430;
				LastUpgradeCheck = 1430;
				TargetAttributes = {
					CFD12A6A2A7C413700275B43 = {
						CreatedOnToolsVersion = 14.3.1;
					};
				};
			};
			buildConfigurationList = CFD12A662A7C413700275B43 /* Build configuration list for PBXProject "ChurchManagement" */;
			compatibilityVersion = "Xcode 14.0";
			developmentRegion = en;
			hasScannedForEncodings = 0;
			knownRegions = (
				en,
				Base,
			);
			mainGroup = CFD12A622A7C413700275B43;
			productRefGroup = CFD12A6C2A7C413700275B43 /* Products */;
			projectDirPath = "";
			projectRoot = "";
			targets = (
				CFD12A6A2A7C413700275B43 /* ChurchManagement */,
			);
		};
/* End PBXProject section */

/* Begin PBXResourcesBuildPhase section */
		CFD12A692A7C413700275B43 /* Resources */ = {
			isa = PBXResourcesBuildPhase;
			buildActionMask = 2147483647;
			files = (
				CFD12A762A7C413700275B43 /* Preview Assets.xcassets in Resources */,
				CF47B9B62A875ECE00D3075F /* .gitignore in Resources */,
				CFD12A732A7C413700275B43 /* Assets.xcassets in Resources */,
			);
			runOnlyForDeploymentPostprocessing = 0;
		};
/* End PBXResourcesBuildPhase section */

/* Begin PBXSourcesBuildPhase section */
		CFD12A672A7C413700275B43 /* Sources */ = {
			isa = PBXSourcesBuildPhase;
			buildActionMask = 2147483647;
			files = (
				CF47B9B42A8756FE00D3075F /* CreateView.swift in Sources */,
				CFD12A712A7C413700275B43 /* HomeView.swift in Sources */,
				CF484D4E2A8C3EE1005CFB9C /* MemberDetailView.swift in Sources */,
				CFFB43442A7D932F005958A7 /* BorderedViewModifier.swift in Sources */,
				CFD12A6F2A7C413700275B43 /* ChurchManagementApp.swift in Sources */,
				CFD12A7B2A7C413700275B43 /* ChurchManagement.xcdatamodeld in Sources */,
				CF484D502A8E9DC5005CFB9C /* EditMemberViewModel.swift in Sources */,
				CF484D4A2A8C1506005CFB9C /* MembersProvider.swift in Sources */,
				CF47B9B02A874C0900D3075F /* MemberListView.swift in Sources */,
				CF484D4C2A8C39A7005CFB9C /* MemberRowView.swift in Sources */,
				CF484D472A8BF4D4005CFB9C /* Member.swift in Sources */,
			);
			runOnlyForDeploymentPostprocessing = 0;
		};
/* End PBXSourcesBuildPhase section */

/* Begin XCBuildConfiguration section */
		CFD12A7C2A7C413700275B43 /* Debug */ = {
			isa = XCBuildConfiguration;
			buildSettings = {
				ALWAYS_SEARCH_USER_PATHS = NO;
				CLANG_ANALYZER_NONNULL = YES;
				CLANG_ANALYZER_NUMBER_OBJECT_CONVERSION = YES_AGGRESSIVE;
				CLANG_CXX_LANGUAGE_STANDARD = "gnu++20";
				CLANG_ENABLE_MODULES = YES;
				CLANG_ENABLE_OBJC_ARC = YES;
				CLANG_ENABLE_OBJC_WEAK = YES;
				CLANG_WARN_BLOCK_CAPTURE_AUTORELEASING = YES;
				CLANG_WARN_BOOL_CONVERSION = YES;
				CLANG_WARN_COMMA = YES;
				CLANG_WARN_CONSTANT_CONVERSION = YES;
				CLANG_WARN_DEPRECATED_OBJC_IMPLEMENTATIONS = YES;
				CLANG_WARN_DIRECT_OBJC_ISA_USAGE = YES_ERROR;
				CLANG_WARN_DOCUMENTATION_COMMENTS = YES;
				CLANG_WARN_EMPTY_BODY = YES;
				CLANG_WARN_ENUM_CONVERSION = YES;
				CLANG_WARN_INFINITE_RECURSION = YES;
				CLANG_WARN_INT_CONVERSION = YES;
				CLANG_WARN_NON_LITERAL_NULL_CONVERSION = YES;
				CLANG_WARN_OBJC_IMPLICIT_RETAIN_SELF = YES;
				CLANG_WARN_OBJC_LITERAL_CONVERSION = YES;
				CLANG_WARN_OBJC_ROOT_CLASS = YES_ERROR;
				CLANG_WARN_QUOTED_INCLUDE_IN_FRAMEWORK_HEADER = YES;
				CLANG_WARN_RANGE_LOOP_ANALYSIS = YES;
				CLANG_WARN_STRICT_PROTOTYPES = YES;
				CLANG_WARN_SUSPICIOUS_MOVE = YES;
				CLANG_WARN_UNGUARDED_AVAILABILITY = YES_AGGRESSIVE;
				CLANG_WARN_UNREACHABLE_CODE = YES;
				CLANG_WARN__DUPLICATE_METHOD_MATCH = YES;
				COPY_PHASE_STRIP = NO;
				DEBUG_INFORMATION_FORMAT = dwarf;
				ENABLE_STRICT_OBJC_MSGSEND = YES;
				ENABLE_TESTABILITY = YES;
				GCC_C_LANGUAGE_STANDARD = gnu11;
				GCC_DYNAMIC_NO_PIC = NO;
				GCC_NO_COMMON_BLOCKS = YES;
				GCC_OPTIMIZATION_LEVEL = 0;
				GCC_PREPROCESSOR_DEFINITIONS = (
					"DEBUG=1",
					"$(inherited)",
				);
				GCC_WARN_64_TO_32_BIT_CONVERSION = YES;
				GCC_WARN_ABOUT_RETURN_TYPE = YES_ERROR;
				GCC_WARN_UNDECLARED_SELECTOR = YES;
				GCC_WARN_UNINITIALIZED_AUTOS = YES_AGGRESSIVE;
				GCC_WARN_UNUSED_FUNCTION = YES;
				GCC_WARN_UNUSED_VARIABLE = YES;
				IPHONEOS_DEPLOYMENT_TARGET = 16.4;
				MTL_ENABLE_DEBUG_INFO = INCLUDE_SOURCE;
				MTL_FAST_MATH = YES;
				ONLY_ACTIVE_ARCH = YES;
				SDKROOT = iphoneos;
				SWIFT_ACTIVE_COMPILATION_CONDITIONS = DEBUG;
				SWIFT_OPTIMIZATION_LEVEL = "-Onone";
			};
			name = Debug;
		};
		CFD12A7D2A7C413700275B43 /* Release */ = {
			isa = XCBuildConfiguration;
			buildSettings = {
				ALWAYS_SEARCH_USER_PATHS = NO;
				CLANG_ANALYZER_NONNULL = YES;
				CLANG_ANALYZER_NUMBER_OBJECT_CONVERSION = YES_AGGRESSIVE;
				CLANG_CXX_LANGUAGE_STANDARD = "gnu++20";
				CLANG_ENABLE_MODULES = YES;
				CLANG_ENABLE_OBJC_ARC = YES;
				CLANG_ENABLE_OBJC_WEAK = YES;
				CLANG_WARN_BLOCK_CAPTURE_AUTORELEASING = YES;
				CLANG_WARN_BOOL_CONVERSION = YES;
				CLANG_WARN_COMMA = YES;
				CLANG_WARN_CONSTANT_CONVERSION = YES;
				CLANG_WARN_DEPRECATED_OBJC_IMPLEMENTATIONS = YES;
				CLANG_WARN_DIRECT_OBJC_ISA_USAGE = YES_ERROR;
				CLANG_WARN_DOCUMENTATION_COMMENTS = YES;
				CLANG_WARN_EMPTY_BODY = YES;
				CLANG_WARN_ENUM_CONVERSION = YES;
				CLANG_WARN_INFINITE_RECURSION = YES;
				CLANG_WARN_INT_CONVERSION = YES;
				CLANG_WARN_NON_LITERAL_NULL_CONVERSION = YES;
				CLANG_WARN_OBJC_IMPLICIT_RETAIN_SELF = YES;
				CLANG_WARN_OBJC_LITERAL_CONVERSION = YES;
				CLANG_WARN_OBJC_ROOT_CLASS = YES_ERROR;
				CLANG_WARN_QUOTED_INCLUDE_IN_FRAMEWORK_HEADER = YES;
				CLANG_WARN_RANGE_LOOP_ANALYSIS = YES;
				CLANG_WARN_STRICT_PROTOTYPES = YES;
				CLANG_WARN_SUSPICIOUS_MOVE = YES;
				CLANG_WARN_UNGUARDED_AVAILABILITY = YES_AGGRESSIVE;
				CLANG_WARN_UNREACHABLE_CODE = YES;
				CLANG_WARN__DUPLICATE_METHOD_MATCH = YES;
				COPY_PHASE_STRIP = NO;
				DEBUG_INFORMATION_FORMAT = "dwarf-with-dsym";
				ENABLE_NS_ASSERTIONS = NO;
				ENABLE_STRICT_OBJC_MSGSEND = YES;
				GCC_C_LANGUAGE_STANDARD = gnu11;
				GCC_NO_COMMON_BLOCKS = YES;
				GCC_WARN_64_TO_32_BIT_CONVERSION = YES;
				GCC_WARN_ABOUT_RETURN_TYPE = YES_ERROR;
				GCC_WARN_UNDECLARED_SELECTOR = YES;
				GCC_WARN_UNINITIALIZED_AUTOS = YES_AGGRESSIVE;
				GCC_WARN_UNUSED_FUNCTION = YES;
				GCC_WARN_UNUSED_VARIABLE = YES;
				IPHONEOS_DEPLOYMENT_TARGET = 16.4;
				MTL_ENABLE_DEBUG_INFO = NO;
				MTL_FAST_MATH = YES;
				SDKROOT = iphoneos;
				SWIFT_COMPILATION_MODE = wholemodule;
				SWIFT_OPTIMIZATION_LEVEL = "-O";
				VALIDATE_PRODUCT = YES;
			};
			name = Release;
		};
		CFD12A7F2A7C413700275B43 /* Debug */ = {
			isa = XCBuildConfiguration;
			buildSettings = {
				ASSETCATALOG_COMPILER_APPICON_NAME = AppIcon;
				ASSETCATALOG_COMPILER_GLOBAL_ACCENT_COLOR_NAME = AccentColor;
				CODE_SIGN_STYLE = Automatic;
				CURRENT_PROJECT_VERSION = 1;
				DEVELOPMENT_ASSET_PATHS = "\"ChurchManagement/Preview Content\"";
				DEVELOPMENT_TEAM = ZV39C2HC4G;
				ENABLE_PREVIEWS = YES;
				GENERATE_INFOPLIST_FILE = YES;
				INFOPLIST_KEY_UIApplicationSceneManifest_Generation = YES;
				INFOPLIST_KEY_UIApplicationSupportsIndirectInputEvents = YES;
				INFOPLIST_KEY_UILaunchScreen_Generation = YES;
				INFOPLIST_KEY_UISupportedInterfaceOrientations_iPad = "UIInterfaceOrientationPortrait UIInterfaceOrientationPortraitUpsideDown UIInterfaceOrientationLandscapeLeft UIInterfaceOrientationLandscapeRight";
				INFOPLIST_KEY_UISupportedInterfaceOrientations_iPhone = "UIInterfaceOrientationPortrait UIInterfaceOrientationLandscapeLeft UIInterfaceOrientationLandscapeRight";
				LD_RUNPATH_SEARCH_PATHS = (
					"$(inherited)",
					"@executable_path/Frameworks",
				);
				MARKETING_VERSION = 1.0;
				PRODUCT_BUNDLE_IDENTIFIER = "github.com-sdguille.ChurchManagement";
				PRODUCT_NAME = "$(TARGET_NAME)";
				SWIFT_EMIT_LOC_STRINGS = YES;
				SWIFT_VERSION = 5.0;
				TARGETED_DEVICE_FAMILY = "1,2";
			};
			name = Debug;
		};
		CFD12A802A7C413700275B43 /* Release */ = {
			isa = XCBuildConfiguration;
			buildSettings = {
				ASSETCATALOG_COMPILER_APPICON_NAME = AppIcon;
				ASSETCATALOG_COMPILER_GLOBAL_ACCENT_COLOR_NAME = AccentColor;
				CODE_SIGN_STYLE = Automatic;
				CURRENT_PROJECT_VERSION = 1;
				DEVELOPMENT_ASSET_PATHS = "\"ChurchManagement/Preview Content\"";
				DEVELOPMENT_TEAM = ZV39C2HC4G;
				ENABLE_PREVIEWS = YES;
				GENERATE_INFOPLIST_FILE = YES;
				INFOPLIST_KEY_UIApplicationSceneManifest_Generation = YES;
				INFOPLIST_KEY_UIApplicationSupportsIndirectInputEvents = YES;
				INFOPLIST_KEY_UILaunchScreen_Generation = YES;
				INFOPLIST_KEY_UISupportedInterfaceOrientations_iPad = "UIInterfaceOrientationPortrait UIInterfaceOrientationPortraitUpsideDown UIInterfaceOrientationLandscapeLeft UIInterfaceOrientationLandscapeRight";
				INFOPLIST_KEY_UISupportedInterfaceOrientations_iPhone = "UIInterfaceOrientationPortrait UIInterfaceOrientationLandscapeLeft UIInterfaceOrientationLandscapeRight";
				LD_RUNPATH_SEARCH_PATHS = (
					"$(inherited)",
					"@executable_path/Frameworks",
				);
				MARKETING_VERSION = 1.0;
				PRODUCT_BUNDLE_IDENTIFIER = "github.com-sdguille.ChurchManagement";
				PRODUCT_NAME = "$(TARGET_NAME)";
				SWIFT_EMIT_LOC_STRINGS = YES;
				SWIFT_VERSION = 5.0;
				TARGETED_DEVICE_FAMILY = "1,2";
			};
			name = Release;
		};
/* End XCBuildConfiguration section */

/* Begin XCConfigurationList section */
		CFD12A662A7C413700275B43 /* Build configuration list for PBXProject "ChurchManagement" */ = {
			isa = XCConfigurationList;
			buildConfigurations = (
				CFD12A7C2A7C413700275B43 /* Debug */,
				CFD12A7D2A7C413700275B43 /* Release */,
			);
			defaultConfigurationIsVisible = 0;
			defaultConfigurationName = Release;
		};
		CFD12A7E2A7C413700275B43 /* Build configuration list for PBXNativeTarget "ChurchManagement" */ = {
			isa = XCConfigurationList;
			buildConfigurations = (
				CFD12A7F2A7C413700275B43 /* Debug */,
				CFD12A802A7C413700275B43 /* Release */,
			);
			defaultConfigurationIsVisible = 0;
			defaultConfigurationName = Release;
		};
/* End XCConfigurationList section */

/* Begin XCVersionGroup section */
		CFD12A792A7C413700275B43 /* ChurchManagement.xcdatamodeld */ = {
			isa = XCVersionGroup;
			children = (
				CFD12A7A2A7C413700275B43 /* ChurchManagement.xcdatamodel */,
			);
			currentVersion = CFD12A7A2A7C413700275B43 /* ChurchManagement.xcdatamodel */;
			path = ChurchManagement.xcdatamodeld;
			sourceTree = "<group>";
			versionGroupType = wrapper.xcdatamodel;
		};
/* End XCVersionGroup section */
	};
	rootObject = CFD12A632A7C413700275B43 /* Project object */;
}
